
Microsoft Visual Studio Solution File, Format Version 12.00
Project("{FAE04EC0-301F-11D3-BF4B-00C04F79EFBC}") = "SuperSayan", "SuperSayan.csproj", "{038FF8C7-960A-49B9-B823-74A283FE8E45}"
EndProject
Global
	GlobalSection(SolutionConfigurationPlatforms) = preSolution
		Debug|Any CPU = Debug|Any CPU
		Release|Any CPU = Release|Any CPU
	EndGlobalSection
	GlobalSection(ProjectConfigurationPlatforms) = postSolution
		{038FF8C7-960A-49B9-B823-74A283FE8E45}.Debug|Any CPU.ActiveCfg = Debug|Any CPU
		{038FF8C7-960A-49B9-B823-74A283FE8E45}.Debug|Any CPU.Build.0 = Debug|Any CPU
		{038FF8C7-960A-49B9-B823-74A283FE8E45}.Release|Any CPU.ActiveCfg = Release|Any CPU
		{038FF8C7-960A-49B9-B823-74A283FE8E45}.Release|Any CPU.Build.0 = Release|Any CPU
	EndGlobalSection
EndGlobal
